// !$*UTF8*$!
{
	archiveVersion = 1;
	classes = {
	};
	objectVersion = 50;
	objects = {

/* Begin PBXBuildFile section */
		D955CABD26A13EE400A82394 /* ekarApp.swift in Sources */ = {isa = PBXBuildFile; fileRef = D955CABC26A13EE400A82394 /* ekarApp.swift */; };
		D955CAC126A13EE500A82394 /* Assets.xcassets in Resources */ = {isa = PBXBuildFile; fileRef = D955CAC026A13EE500A82394 /* Assets.xcassets */; };
		D955CAC426A13EE500A82394 /* Preview Assets.xcassets in Resources */ = {isa = PBXBuildFile; fileRef = D955CAC326A13EE500A82394 /* Preview Assets.xcassets */; };
		D955CACF26A13EE500A82394 /* ekarTests.swift in Sources */ = {isa = PBXBuildFile; fileRef = D955CACE26A13EE500A82394 /* ekarTests.swift */; };
		D955CADA26A13EE500A82394 /* ekarUITests.swift in Sources */ = {isa = PBXBuildFile; fileRef = D955CAD926A13EE500A82394 /* ekarUITests.swift */; };
		D955CAE926A13FB700A82394 /* MapView.swift in Sources */ = {isa = PBXBuildFile; fileRef = D955CAE826A13FB700A82394 /* MapView.swift */; };
		D955CAEB26A142B900A82394 /* MapViewModel.swift in Sources */ = {isa = PBXBuildFile; fileRef = D955CAEA26A142B900A82394 /* MapViewModel.swift */; };
		D955CAEE26A16B0100A82394 /* MapViewCoordinator.swift in Sources */ = {isa = PBXBuildFile; fileRef = D955CAED26A16B0100A82394 /* MapViewCoordinator.swift */; };
		D955CAF126A173E400A82394 /* MapAnnotation.swift in Sources */ = {isa = PBXBuildFile; fileRef = D955CAF026A173E400A82394 /* MapAnnotation.swift */; };
		D955CAF726A1817000A82394 /* APICall.swift in Sources */ = {isa = PBXBuildFile; fileRef = D955CAF626A1817000A82394 /* APICall.swift */; };
		D955CAF926A181AE00A82394 /* WebRepository.swift in Sources */ = {isa = PBXBuildFile; fileRef = D955CAF826A181AE00A82394 /* WebRepository.swift */; };
		D955CAFC26A1820C00A82394 /* VehicleRepository.swift in Sources */ = {isa = PBXBuildFile; fileRef = D955CAFB26A1820C00A82394 /* VehicleRepository.swift */; };
		D955CAFE26A1825B00A82394 /* Vehicle.swift in Sources */ = {isa = PBXBuildFile; fileRef = D955CAFD26A1825B00A82394 /* Vehicle.swift */; };
/* End PBXBuildFile section */

/* Begin PBXContainerItemProxy section */
		D955CACB26A13EE500A82394 /* PBXContainerItemProxy */ = {
			isa = PBXContainerItemProxy;
			containerPortal = D955CAB126A13EE400A82394 /* Project object */;
			proxyType = 1;
			remoteGlobalIDString = D955CAB826A13EE400A82394;
			remoteInfo = ekar;
		};
		D955CAD626A13EE500A82394 /* PBXContainerItemProxy */ = {
			isa = PBXContainerItemProxy;
			containerPortal = D955CAB126A13EE400A82394 /* Project object */;
			proxyType = 1;
			remoteGlobalIDString = D955CAB826A13EE400A82394;
			remoteInfo = ekar;
		};
/* End PBXContainerItemProxy section */

/* Begin PBXFileReference section */
		D955CAB926A13EE400A82394 /* ekar.app */ = {isa = PBXFileReference; explicitFileType = wrapper.application; includeInIndex = 0; path = ekar.app; sourceTree = BUILT_PRODUCTS_DIR; };
		D955CABC26A13EE400A82394 /* ekarApp.swift */ = {isa = PBXFileReference; lastKnownFileType = sourcecode.swift; path = ekarApp.swift; sourceTree = "<group>"; };
		D955CAC026A13EE500A82394 /* Assets.xcassets */ = {isa = PBXFileReference; lastKnownFileType = folder.assetcatalog; path = Assets.xcassets; sourceTree = "<group>"; };
		D955CAC326A13EE500A82394 /* Preview Assets.xcassets */ = {isa = PBXFileReference; lastKnownFileType = folder.assetcatalog; path = "Preview Assets.xcassets"; sourceTree = "<group>"; };
		D955CAC526A13EE500A82394 /* Info.plist */ = {isa = PBXFileReference; lastKnownFileType = text.plist.xml; path = Info.plist; sourceTree = "<group>"; };
		D955CACA26A13EE500A82394 /* ekarTests.xctest */ = {isa = PBXFileReference; explicitFileType = wrapper.cfbundle; includeInIndex = 0; path = ekarTests.xctest; sourceTree = BUILT_PRODUCTS_DIR; };
		D955CACE26A13EE500A82394 /* ekarTests.swift */ = {isa = PBXFileReference; lastKnownFileType = sourcecode.swift; path = ekarTests.swift; sourceTree = "<group>"; };
		D955CAD026A13EE500A82394 /* Info.plist */ = {isa = PBXFileReference; lastKnownFileType = text.plist.xml; path = Info.plist; sourceTree = "<group>"; };
		D955CAD526A13EE500A82394 /* ekarUITests.xctest */ = {isa = PBXFileReference; explicitFileType = wrapper.cfbundle; includeInIndex = 0; path = ekarUITests.xctest; sourceTree = BUILT_PRODUCTS_DIR; };
		D955CAD926A13EE500A82394 /* ekarUITests.swift */ = {isa = PBXFileReference; lastKnownFileType = sourcecode.swift; path = ekarUITests.swift; sourceTree = "<group>"; };
		D955CADB26A13EE500A82394 /* Info.plist */ = {isa = PBXFileReference; lastKnownFileType = text.plist.xml; path = Info.plist; sourceTree = "<group>"; };
		D955CAE826A13FB700A82394 /* MapView.swift */ = {isa = PBXFileReference; lastKnownFileType = sourcecode.swift; path = MapView.swift; sourceTree = "<group>"; };
		D955CAEA26A142B900A82394 /* MapViewModel.swift */ = {isa = PBXFileReference; lastKnownFileType = sourcecode.swift; path = MapViewModel.swift; sourceTree = "<group>"; };
		D955CAED26A16B0100A82394 /* MapViewCoordinator.swift */ = {isa = PBXFileReference; lastKnownFileType = sourcecode.swift; path = MapViewCoordinator.swift; sourceTree = "<group>"; };
		D955CAF026A173E400A82394 /* MapAnnotation.swift */ = {isa = PBXFileReference; lastKnownFileType = sourcecode.swift; path = MapAnnotation.swift; sourceTree = "<group>"; };
		D955CAF626A1817000A82394 /* APICall.swift */ = {isa = PBXFileReference; lastKnownFileType = sourcecode.swift; path = APICall.swift; sourceTree = "<group>"; };
		D955CAF826A181AE00A82394 /* WebRepository.swift */ = {isa = PBXFileReference; lastKnownFileType = sourcecode.swift; path = WebRepository.swift; sourceTree = "<group>"; };
		D955CAFB26A1820C00A82394 /* VehicleRepository.swift */ = {isa = PBXFileReference; lastKnownFileType = sourcecode.swift; path = VehicleRepository.swift; sourceTree = "<group>"; };
		D955CAFD26A1825B00A82394 /* Vehicle.swift */ = {isa = PBXFileReference; lastKnownFileType = sourcecode.swift; path = Vehicle.swift; sourceTree = "<group>"; };
/* End PBXFileReference section */

/* Begin PBXFrameworksBuildPhase section */
		D955CAB626A13EE400A82394 /* Frameworks */ = {
			isa = PBXFrameworksBuildPhase;
			buildActionMask = 2147483647;
			files = (
			);
			runOnlyForDeploymentPostprocessing = 0;
		};
		D955CAC726A13EE500A82394 /* Frameworks */ = {
			isa = PBXFrameworksBuildPhase;
			buildActionMask = 2147483647;
			files = (
			);
			runOnlyForDeploymentPostprocessing = 0;
		};
		D955CAD226A13EE500A82394 /* Frameworks */ = {
			isa = PBXFrameworksBuildPhase;
			buildActionMask = 2147483647;
			files = (
			);
			runOnlyForDeploymentPostprocessing = 0;
		};
/* End PBXFrameworksBuildPhase section */

/* Begin PBXGroup section */
		D955CAB026A13EE400A82394 = {
			isa = PBXGroup;
			children = (
				D955CABB26A13EE400A82394 /* ekar */,
				D955CACD26A13EE500A82394 /* ekarTests */,
				D955CAD826A13EE500A82394 /* ekarUITests */,
				D955CABA26A13EE400A82394 /* Products */,
			);
			sourceTree = "<group>";
		};
		D955CABA26A13EE400A82394 /* Products */ = {
			isa = PBXGroup;
			children = (
				D955CAB926A13EE400A82394 /* ekar.app */,
				D955CACA26A13EE500A82394 /* ekarTests.xctest */,
				D955CAD526A13EE500A82394 /* ekarUITests.xctest */,
			);
			name = Products;
			sourceTree = "<group>";
		};
		D955CABB26A13EE400A82394 /* ekar */ = {
			isa = PBXGroup;
			children = (
				D955CAFA26A181F700A82394 /* Repositories */,
				D955CAF526A1816100A82394 /* Network */,
				D955CAF426A1743000A82394 /* Assets */,
				D955CAF226A1741D00A82394 /* App */,
				D955CAEF26A173C800A82394 /* Models */,
				D955CAE726A13FA600A82394 /* Scenes */,
				D955CAC226A13EE500A82394 /* Preview Content */,
				D955CAC526A13EE500A82394 /* Info.plist */,
			);
			path = ekar;
			sourceTree = "<group>";
		};
		D955CAC226A13EE500A82394 /* Preview Content */ = {
			isa = PBXGroup;
			children = (
				D955CAC326A13EE500A82394 /* Preview Assets.xcassets */,
			);
			path = "Preview Content";
			sourceTree = "<group>";
		};
		D955CACD26A13EE500A82394 /* ekarTests */ = {
			isa = PBXGroup;
			children = (
				D955CACE26A13EE500A82394 /* ekarTests.swift */,
				D955CAD026A13EE500A82394 /* Info.plist */,
			);
			path = ekarTests;
			sourceTree = "<group>";
		};
		D955CAD826A13EE500A82394 /* ekarUITests */ = {
			isa = PBXGroup;
			children = (
				D955CAD926A13EE500A82394 /* ekarUITests.swift */,
				D955CADB26A13EE500A82394 /* Info.plist */,
			);
			path = ekarUITests;
			sourceTree = "<group>";
		};
		D955CAE726A13FA600A82394 /* Scenes */ = {
			isa = PBXGroup;
			children = (
				D955CAEC26A16AF200A82394 /* MapView */,
			);
			path = Scenes;
			sourceTree = "<group>";
		};
		D955CAEC26A16AF200A82394 /* MapView */ = {
			isa = PBXGroup;
			children = (
				D955CAE826A13FB700A82394 /* MapView.swift */,
				D955CAEA26A142B900A82394 /* MapViewModel.swift */,
				D955CAED26A16B0100A82394 /* MapViewCoordinator.swift */,
			);
			path = MapView;
			sourceTree = "<group>";
		};
		D955CAEF26A173C800A82394 /* Models */ = {
			isa = PBXGroup;
			children = (
				D955CAF026A173E400A82394 /* MapAnnotation.swift */,
				D955CAFD26A1825B00A82394 /* Vehicle.swift */,
			);
			path = Models;
			sourceTree = "<group>";
		};
		D955CAF226A1741D00A82394 /* App */ = {
			isa = PBXGroup;
			children = (
				D955CABC26A13EE400A82394 /* ekarApp.swift */,
			);
			path = App;
			sourceTree = "<group>";
		};
		D955CAF426A1743000A82394 /* Assets */ = {
			isa = PBXGroup;
			children = (
				D955CAC026A13EE500A82394 /* Assets.xcassets */,
			);
			path = Assets;
			sourceTree = "<group>";
		};
		D955CAF526A1816100A82394 /* Network */ = {
			isa = PBXGroup;
			children = (
				D955CAF626A1817000A82394 /* APICall.swift */,
				D955CAF826A181AE00A82394 /* WebRepository.swift */,
			);
			path = Network;
			sourceTree = "<group>";
		};
		D955CAFA26A181F700A82394 /* Repositories */ = {
			isa = PBXGroup;
			children = (
				D955CAFB26A1820C00A82394 /* VehicleRepository.swift */,
			);
			path = Repositories;
			sourceTree = "<group>";
		};
/* End PBXGroup section */

/* Begin PBXNativeTarget section */
		D955CAB826A13EE400A82394 /* ekar */ = {
			isa = PBXNativeTarget;
			buildConfigurationList = D955CADE26A13EE500A82394 /* Build configuration list for PBXNativeTarget "ekar" */;
			buildPhases = (
				D955CAB526A13EE400A82394 /* Sources */,
				D955CAB626A13EE400A82394 /* Frameworks */,
				D955CAB726A13EE400A82394 /* Resources */,
			);
			buildRules = (
			);
			dependencies = (
			);
			name = ekar;
			productName = ekar;
			productReference = D955CAB926A13EE400A82394 /* ekar.app */;
			productType = "com.apple.product-type.application";
		};
		D955CAC926A13EE500A82394 /* ekarTests */ = {
			isa = PBXNativeTarget;
			buildConfigurationList = D955CAE126A13EE500A82394 /* Build configuration list for PBXNativeTarget "ekarTests" */;
			buildPhases = (
				D955CAC626A13EE500A82394 /* Sources */,
				D955CAC726A13EE500A82394 /* Frameworks */,
				D955CAC826A13EE500A82394 /* Resources */,
			);
			buildRules = (
			);
			dependencies = (
				D955CACC26A13EE500A82394 /* PBXTargetDependency */,
			);
			name = ekarTests;
			productName = ekarTests;
			productReference = D955CACA26A13EE500A82394 /* ekarTests.xctest */;
			productType = "com.apple.product-type.bundle.unit-test";
		};
		D955CAD426A13EE500A82394 /* ekarUITests */ = {
			isa = PBXNativeTarget;
			buildConfigurationList = D955CAE426A13EE500A82394 /* Build configuration list for PBXNativeTarget "ekarUITests" */;
			buildPhases = (
				D955CAD126A13EE500A82394 /* Sources */,
				D955CAD226A13EE500A82394 /* Frameworks */,
				D955CAD326A13EE500A82394 /* Resources */,
			);
			buildRules = (
			);
			dependencies = (
				D955CAD726A13EE500A82394 /* PBXTargetDependency */,
			);
			name = ekarUITests;
			productName = ekarUITests;
			productReference = D955CAD526A13EE500A82394 /* ekarUITests.xctest */;
			productType = "com.apple.product-type.bundle.ui-testing";
		};
/* End PBXNativeTarget section */

/* Begin PBXProject section */
		D955CAB126A13EE400A82394 /* Project object */ = {
			isa = PBXProject;
			attributes = {
				LastSwiftUpdateCheck = 1250;
				LastUpgradeCheck = 1250;
				TargetAttributes = {
					D955CAB826A13EE400A82394 = {
						CreatedOnToolsVersion = 12.5.1;
					};
					D955CAC926A13EE500A82394 = {
						CreatedOnToolsVersion = 12.5.1;
						TestTargetID = D955CAB826A13EE400A82394;
					};
					D955CAD426A13EE500A82394 = {
						CreatedOnToolsVersion = 12.5.1;
						TestTargetID = D955CAB826A13EE400A82394;
					};
				};
			};
			buildConfigurationList = D955CAB426A13EE400A82394 /* Build configuration list for PBXProject "ekar" */;
			compatibilityVersion = "Xcode 9.3";
			developmentRegion = en;
			hasScannedForEncodings = 0;
			knownRegions = (
				en,
				Base,
			);
			mainGroup = D955CAB026A13EE400A82394;
			productRefGroup = D955CABA26A13EE400A82394 /* Products */;
			projectDirPath = "";
			projectRoot = "";
			targets = (
				D955CAB826A13EE400A82394 /* ekar */,
				D955CAC926A13EE500A82394 /* ekarTests */,
				D955CAD426A13EE500A82394 /* ekarUITests */,
			);
		};
/* End PBXProject section */

/* Begin PBXResourcesBuildPhase section */
		D955CAB726A13EE400A82394 /* Resources */ = {
			isa = PBXResourcesBuildPhase;
			buildActionMask = 2147483647;
			files = (
				D955CAC426A13EE500A82394 /* Preview Assets.xcassets in Resources */,
				D955CAC126A13EE500A82394 /* Assets.xcassets in Resources */,
			);
			runOnlyForDeploymentPostprocessing = 0;
		};
		D955CAC826A13EE500A82394 /* Resources */ = {
			isa = PBXResourcesBuildPhase;
			buildActionMask = 2147483647;
			files = (
			);
			runOnlyForDeploymentPostprocessing = 0;
		};
		D955CAD326A13EE500A82394 /* Resources */ = {
			isa = PBXResourcesBuildPhase;
			buildActionMask = 2147483647;
			files = (
			);
			runOnlyForDeploymentPostprocessing = 0;
		};
/* End PBXResourcesBuildPhase section */

/* Begin PBXSourcesBuildPhase section */
		D955CAB526A13EE400A82394 /* Sources */ = {
			isa = PBXSourcesBuildPhase;
			buildActionMask = 2147483647;
			files = (
				D955CAFE26A1825B00A82394 /* Vehicle.swift in Sources */,
				D955CAEE26A16B0100A82394 /* MapViewCoordinator.swift in Sources */,
				D955CAF126A173E400A82394 /* MapAnnotation.swift in Sources */,
				D955CAFC26A1820C00A82394 /* VehicleRepository.swift in Sources */,
				D955CAF726A1817000A82394 /* APICall.swift in Sources */,
				D955CABD26A13EE400A82394 /* ekarApp.swift in Sources */,
				D955CAE926A13FB700A82394 /* MapView.swift in Sources */,
				D955CAEB26A142B900A82394 /* MapViewModel.swift in Sources */,
				D955CAF926A181AE00A82394 /* WebRepository.swift in Sources */,
			);
			runOnlyForDeploymentPostprocessing = 0;
		};
		D955CAC626A13EE500A82394 /* Sources */ = {
			isa = PBXSourcesBuildPhase;
			buildActionMask = 2147483647;
			files = (
				D955CACF26A13EE500A82394 /* ekarTests.swift in Sources */,
			);
			runOnlyForDeploymentPostprocessing = 0;
		};
		D955CAD126A13EE500A82394 /* Sources */ = {
			isa = PBXSourcesBuildPhase;
			buildActionMask = 2147483647;
			files = (
				D955CADA26A13EE500A82394 /* ekarUITests.swift in Sources */,
			);
			runOnlyForDeploymentPostprocessing = 0;
		};
/* End PBXSourcesBuildPhase section */

/* Begin PBXTargetDependency section */
		D955CACC26A13EE500A82394 /* PBXTargetDependency */ = {
			isa = PBXTargetDependency;
			target = D955CAB826A13EE400A82394 /* ekar */;
			targetProxy = D955CACB26A13EE500A82394 /* PBXContainerItemProxy */;
		};
		D955CAD726A13EE500A82394 /* PBXTargetDependency */ = {
			isa = PBXTargetDependency;
			target = D955CAB826A13EE400A82394 /* ekar */;
			targetProxy = D955CAD626A13EE500A82394 /* PBXContainerItemProxy */;
		};
/* End PBXTargetDependency section */

/* Begin XCBuildConfiguration section */
		D955CADC26A13EE500A82394 /* Debug */ = {
			isa = XCBuildConfiguration;
			buildSettings = {
				ALWAYS_SEARCH_USER_PATHS = NO;
				CLANG_ANALYZER_NONNULL = YES;
				CLANG_ANALYZER_NUMBER_OBJECT_CONVERSION = YES_AGGRESSIVE;
				CLANG_CXX_LANGUAGE_STANDARD = "gnu++14";
				CLANG_CXX_LIBRARY = "libc++";
				CLANG_ENABLE_MODULES = YES;
				CLANG_ENABLE_OBJC_ARC = YES;
				CLANG_ENABLE_OBJC_WEAK = YES;
				CLANG_WARN_BLOCK_CAPTURE_AUTORELEASING = YES;
				CLANG_WARN_BOOL_CONVERSION = YES;
				CLANG_WARN_COMMA = YES;
				CLANG_WARN_CONSTANT_CONVERSION = YES;
				CLANG_WARN_DEPRECATED_OBJC_IMPLEMENTATIONS = YES;
				CLANG_WARN_DIRECT_OBJC_ISA_USAGE = YES_ERROR;
				CLANG_WARN_DOCUMENTATION_COMMENTS = YES;
				CLANG_WARN_EMPTY_BODY = YES;
				CLANG_WARN_ENUM_CONVERSION = YES;
				CLANG_WARN_INFINITE_RECURSION = YES;
				CLANG_WARN_INT_CONVERSION = YES;
				CLANG_WARN_NON_LITERAL_NULL_CONVERSION = YES;
				CLANG_WARN_OBJC_IMPLICIT_RETAIN_SELF = YES;
				CLANG_WARN_OBJC_LITERAL_CONVERSION = YES;
				CLANG_WARN_OBJC_ROOT_CLASS = YES_ERROR;
				CLANG_WARN_QUOTED_INCLUDE_IN_FRAMEWORK_HEADER = YES;
				CLANG_WARN_RANGE_LOOP_ANALYSIS = YES;
				CLANG_WARN_STRICT_PROTOTYPES = YES;
				CLANG_WARN_SUSPICIOUS_MOVE = YES;
				CLANG_WARN_UNGUARDED_AVAILABILITY = YES_AGGRESSIVE;
				CLANG_WARN_UNREACHABLE_CODE = YES;
				CLANG_WARN__DUPLICATE_METHOD_MATCH = YES;
				COPY_PHASE_STRIP = NO;
				DEBUG_INFORMATION_FORMAT = dwarf;
				ENABLE_STRICT_OBJC_MSGSEND = YES;
				ENABLE_TESTABILITY = YES;
				GCC_C_LANGUAGE_STANDARD = gnu11;
				GCC_DYNAMIC_NO_PIC = NO;
				GCC_NO_COMMON_BLOCKS = YES;
				GCC_OPTIMIZATION_LEVEL = 0;
				GCC_PREPROCESSOR_DEFINITIONS = (
					"DEBUG=1",
					"$(inherited)",
				);
				GCC_WARN_64_TO_32_BIT_CONVERSION = YES;
				GCC_WARN_ABOUT_RETURN_TYPE = YES_ERROR;
				GCC_WARN_UNDECLARED_SELECTOR = YES;
				GCC_WARN_UNINITIALIZED_AUTOS = YES_AGGRESSIVE;
				GCC_WARN_UNUSED_FUNCTION = YES;
				GCC_WARN_UNUSED_VARIABLE = YES;
				IPHONEOS_DEPLOYMENT_TARGET = 14.5;
				MTL_ENABLE_DEBUG_INFO = INCLUDE_SOURCE;
				MTL_FAST_MATH = YES;
				ONLY_ACTIVE_ARCH = YES;
				SDKROOT = iphoneos;
				SWIFT_ACTIVE_COMPILATION_CONDITIONS = DEBUG;
				SWIFT_OPTIMIZATION_LEVEL = "-Onone";
			};
			name = Debug;
		};
		D955CADD26A13EE500A82394 /* Release */ = {
			isa = XCBuildConfiguration;
			buildSettings = {
				ALWAYS_SEARCH_USER_PATHS = NO;
				CLANG_ANALYZER_NONNULL = YES;
				CLANG_ANALYZER_NUMBER_OBJECT_CONVERSION = YES_AGGRESSIVE;
				CLANG_CXX_LANGUAGE_STANDARD = "gnu++14";
				CLANG_CXX_LIBRARY = "libc++";
				CLANG_ENABLE_MODULES = YES;
				CLANG_ENABLE_OBJC_ARC = YES;
				CLANG_ENABLE_OBJC_WEAK = YES;
				CLANG_WARN_BLOCK_CAPTURE_AUTORELEASING = YES;
				CLANG_WARN_BOOL_CONVERSION = YES;
				CLANG_WARN_COMMA = YES;
				CLANG_WARN_CONSTANT_CONVERSION = YES;
				CLANG_WARN_DEPRECATED_OBJC_IMPLEMENTATIONS = YES;
				CLANG_WARN_DIRECT_OBJC_ISA_USAGE = YES_ERROR;
				CLANG_WARN_DOCUMENTATION_COMMENTS = YES;
				CLANG_WARN_EMPTY_BODY = YES;
				CLANG_WARN_ENUM_CONVERSION = YES;
				CLANG_WARN_INFINITE_RECURSION = YES;
				CLANG_WARN_INT_CONVERSION = YES;
				CLANG_WARN_NON_LITERAL_NULL_CONVERSION = YES;
				CLANG_WARN_OBJC_IMPLICIT_RETAIN_SELF = YES;
				CLANG_WARN_OBJC_LITERAL_CONVERSION = YES;
				CLANG_WARN_OBJC_ROOT_CLASS = YES_ERROR;
				CLANG_WARN_QUOTED_INCLUDE_IN_FRAMEWORK_HEADER = YES;
				CLANG_WARN_RANGE_LOOP_ANALYSIS = YES;
				CLANG_WARN_STRICT_PROTOTYPES = YES;
				CLANG_WARN_SUSPICIOUS_MOVE = YES;
				CLANG_WARN_UNGUARDED_AVAILABILITY = YES_AGGRESSIVE;
				CLANG_WARN_UNREACHABLE_CODE = YES;
				CLANG_WARN__DUPLICATE_METHOD_MATCH = YES;
				COPY_PHASE_STRIP = NO;
				DEBUG_INFORMATION_FORMAT = "dwarf-with-dsym";
				ENABLE_NS_ASSERTIONS = NO;
				ENABLE_STRICT_OBJC_MSGSEND = YES;
				GCC_C_LANGUAGE_STANDARD = gnu11;
				GCC_NO_COMMON_BLOCKS = YES;
				GCC_WARN_64_TO_32_BIT_CONVERSION = YES;
				GCC_WARN_ABOUT_RETURN_TYPE = YES_ERROR;
				GCC_WARN_UNDECLARED_SELECTOR = YES;
				GCC_WARN_UNINITIALIZED_AUTOS = YES_AGGRESSIVE;
				GCC_WARN_UNUSED_FUNCTION = YES;
				GCC_WARN_UNUSED_VARIABLE = YES;
				IPHONEOS_DEPLOYMENT_TARGET = 14.5;
				MTL_ENABLE_DEBUG_INFO = NO;
				MTL_FAST_MATH = YES;
				SDKROOT = iphoneos;
				SWIFT_COMPILATION_MODE = wholemodule;
				SWIFT_OPTIMIZATION_LEVEL = "-O";
				VALIDATE_PRODUCT = YES;
			};
			name = Release;
		};
		D955CADF26A13EE500A82394 /* Debug */ = {
			isa = XCBuildConfiguration;
			buildSettings = {
				ASSETCATALOG_COMPILER_APPICON_NAME = AppIcon;
				ASSETCATALOG_COMPILER_GLOBAL_ACCENT_COLOR_NAME = AccentColor;
				CODE_SIGN_STYLE = Automatic;
				DEVELOPMENT_ASSET_PATHS = "\"ekar/Preview Content\"";
				DEVELOPMENT_TEAM = 9SR3A23TQJ;
				ENABLE_PREVIEWS = YES;
				INFOPLIST_FILE = ekar/Info.plist;
				IPHONEOS_DEPLOYMENT_TARGET = 14.0;
				LD_RUNPATH_SEARCH_PATHS = (
					"$(inherited)",
					"@executable_path/Frameworks",
				);
				PRODUCT_BUNDLE_IDENTIFIER = alan.ekar;
				PRODUCT_NAME = "$(TARGET_NAME)";
				SWIFT_VERSION = 5.0;
				TARGETED_DEVICE_FAMILY = "1,2";
			};
			name = Debug;
		};
		D955CAE026A13EE500A82394 /* Release */ = {
			isa = XCBuildConfiguration;
			buildSettings = {
				ASSETCATALOG_COMPILER_APPICON_NAME = AppIcon;
				ASSETCATALOG_COMPILER_GLOBAL_ACCENT_COLOR_NAME = AccentColor;
				CODE_SIGN_STYLE = Automatic;
				DEVELOPMENT_ASSET_PATHS = "\"ekar/Preview Content\"";
				DEVELOPMENT_TEAM = 9SR3A23TQJ;
				ENABLE_PREVIEWS = YES;
				INFOPLIST_FILE = ekar/Info.plist;
				IPHONEOS_DEPLOYMENT_TARGET = 14.0;
				LD_RUNPATH_SEARCH_PATHS = (
					"$(inherited)",
					"@executable_path/Frameworks",
				);
				PRODUCT_BUNDLE_IDENTIFIER = alan.ekar;
				PRODUCT_NAME = "$(TARGET_NAME)";
				SWIFT_VERSION = 5.0;
				TARGETED_DEVICE_FAMILY = "1,2";
			};
			name = Release;
		};
		D955CAE226A13EE500A82394 /* Debug */ = {
			isa = XCBuildConfiguration;
			buildSettings = {
				ALWAYS_EMBED_SWIFT_STANDARD_LIBRARIES = YES;
				BUNDLE_LOADER = "$(TEST_HOST)";
				CODE_SIGN_STYLE = Automatic;
				DEVELOPMENT_TEAM = 9SR3A23TQJ;
				INFOPLIST_FILE = ekarTests/Info.plist;
				IPHONEOS_DEPLOYMENT_TARGET = 14.0;
				LD_RUNPATH_SEARCH_PATHS = (
					"$(inherited)",
					"@executable_path/Frameworks",
					"@loader_path/Frameworks",
				);
				PRODUCT_BUNDLE_IDENTIFIER = alan.ekarTests;
				PRODUCT_NAME = "$(TARGET_NAME)";
				SWIFT_VERSION = 5.0;
				TARGETED_DEVICE_FAMILY = "1,2";
				TEST_HOST = "$(BUILT_PRODUCTS_DIR)/ekar.app/ekar";
			};
			name = Debug;
		};
		D955CAE326A13EE500A82394 /* Release */ = {
			isa = XCBuildConfiguration;
			buildSettings = {
				ALWAYS_EMBED_SWIFT_STANDARD_LIBRARIES = YES;
				BUNDLE_LOADER = "$(TEST_HOST)";
				CODE_SIGN_STYLE = Automatic;
				DEVELOPMENT_TEAM = 9SR3A23TQJ;
				INFOPLIST_FILE = ekarTests/Info.plist;
				IPHONEOS_DEPLOYMENT_TARGET = 14.0;
				LD_RUNPATH_SEARCH_PATHS = (
					"$(inherited)",
					"@executable_path/Frameworks",
					"@loader_path/Frameworks",
				);
				PRODUCT_BUNDLE_IDENTIFIER = alan.ekarTests;
				PRODUCT_NAME = "$(TARGET_NAME)";
				SWIFT_VERSION = 5.0;
				TARGETED_DEVICE_FAMILY = "1,2";
				TEST_HOST = "$(BUILT_PRODUCTS_DIR)/ekar.app/ekar";
			};
			name = Release;
		};
		D955CAE526A13EE500A82394 /* Debug */ = {
			isa = XCBuildConfiguration;
			buildSettings = {
				ALWAYS_EMBED_SWIFT_STANDARD_LIBRARIES = YES;
				CODE_SIGN_STYLE = Automatic;
				DEVELOPMENT_TEAM = 9SR3A23TQJ;
				INFOPLIST_FILE = ekarUITests/Info.plist;
				LD_RUNPATH_SEARCH_PATHS = (
					"$(inherited)",
					"@executable_path/Frameworks",
					"@loader_path/Frameworks",
				);
				PRODUCT_BUNDLE_IDENTIFIER = alan.ekarUITests;
				PRODUCT_NAME = "$(TARGET_NAME)";
				SWIFT_VERSION = 5.0;
				TARGETED_DEVICE_FAMILY = "1,2";
				TEST_TARGET_NAME = ekar;
			};
			name = Debug;
		};
		D955CAE626A13EE500A82394 /* Release */ = {
			isa = XCBuildConfiguration;
			buildSettings = {
				ALWAYS_EMBED_SWIFT_STANDARD_LIBRARIES = YES;
				CODE_SIGN_STYLE = Automatic;
				DEVELOPMENT_TEAM = 9SR3A23TQJ;
				INFOPLIST_FILE = ekarUITests/Info.plist;
				LD_RUNPATH_SEARCH_PATHS = (
					"$(inherited)",
					"@executable_path/Frameworks",
					"@loader_path/Frameworks",
				);
				PRODUCT_BUNDLE_IDENTIFIER = alan.ekarUITests;
				PRODUCT_NAME = "$(TARGET_NAME)";
				SWIFT_VERSION = 5.0;
				TARGETED_DEVICE_FAMILY = "1,2";
				TEST_TARGET_NAME = ekar;
			};
			name = Release;
		};
/* End XCBuildConfiguration section */

/* Begin XCConfigurationList section */
		D955CAB426A13EE400A82394 /* Build configuration list for PBXProject "ekar" */ = {
			isa = XCConfigurationList;
			buildConfigurations = (
				D955CADC26A13EE500A82394 /* Debug */,
				D955CADD26A13EE500A82394 /* Release */,
			);
			defaultConfigurationIsVisible = 0;
			defaultConfigurationName = Release;
		};
		D955CADE26A13EE500A82394 /* Build configuration list for PBXNativeTarget "ekar" */ = {
			isa = XCConfigurationList;
			buildConfigurations = (
				D955CADF26A13EE500A82394 /* Debug */,
				D955CAE026A13EE500A82394 /* Release */,
			);
			defaultConfigurationIsVisible = 0;
			defaultConfigurationName = Release;
		};
		D955CAE126A13EE500A82394 /* Build configuration list for PBXNativeTarget "ekarTests" */ = {
			isa = XCConfigurationList;
			buildConfigurations = (
				D955CAE226A13EE500A82394 /* Debug */,
				D955CAE326A13EE500A82394 /* Release */,
			);
			defaultConfigurationIsVisible = 0;
			defaultConfigurationName = Release;
		};
		D955CAE426A13EE500A82394 /* Build configuration list for PBXNativeTarget "ekarUITests" */ = {
			isa = XCConfigurationList;
			buildConfigurations = (
				D955CAE526A13EE500A82394 /* Debug */,
				D955CAE626A13EE500A82394 /* Release */,
			);
			defaultConfigurationIsVisible = 0;
			defaultConfigurationName = Release;
		};
/* End XCConfigurationList section */
	};
	rootObject = D955CAB126A13EE400A82394 /* Project object */;
}
